// !$*UTF8*$!
{
	archiveVersion = 1;
	classes = {
	};
	objectVersion = 46;
	objects = {

/* Begin PBXBuildFile section */
		3A03B2821DB4C5C3007926DD /* PhotoVideoCapture.swift in Sources */ = {isa = PBXBuildFile; fileRef = 3A03B2811DB4C5C3007926DD /* PhotoVideoCapture.swift */; };
		3A03B2841DB4CF37007926DD /* PreviewView.swift in Sources */ = {isa = PBXBuildFile; fileRef = 3A03B2831DB4CF37007926DD /* PreviewView.swift */; };
		3A03B2AC1DBA2B1F007926DD /* PhotoCaptureDelegate.swift in Sources */ = {isa = PBXBuildFile; fileRef = 3A03B2AB1DBA2B1F007926DD /* PhotoCaptureDelegate.swift */; };
		3A215D111D8C075600876F00 /* AppDelegate.swift in Sources */ = {isa = PBXBuildFile; fileRef = 3A215D101D8C075600876F00 /* AppDelegate.swift */; };
		3A215D161D8C075600876F00 /* Main.storyboard in Resources */ = {isa = PBXBuildFile; fileRef = 3A215D141D8C075600876F00 /* Main.storyboard */; };
		3A215D1B1D8C075600876F00 /* LaunchScreen.storyboard in Resources */ = {isa = PBXBuildFile; fileRef = 3A215D191D8C075600876F00 /* LaunchScreen.storyboard */; };
		3A215D241D8C3DA000876F00 /* DarkSlideModel.xcdatamodeld in Sources */ = {isa = PBXBuildFile; fileRef = 3A215D221D8C3DA000876F00 /* DarkSlideModel.xcdatamodeld */; };
		3A215D271D8C422A00876F00 /* SubjectForExposure.swift in Sources */ = {isa = PBXBuildFile; fileRef = 3A215D261D8C422A00876F00 /* SubjectForExposure.swift */; };
		3A215D2A1D8C4D4D00876F00 /* ManagedObject.swift in Sources */ = {isa = PBXBuildFile; fileRef = 3A215D291D8C4D4D00876F00 /* ManagedObject.swift */; };
		3A215D2C1D8C512800876F00 /* DarkSlide.swift in Sources */ = {isa = PBXBuildFile; fileRef = 3A215D2B1D8C512800876F00 /* DarkSlide.swift */; };
		3A215D2E1D8C518C00876F00 /* PhotoNote.swift in Sources */ = {isa = PBXBuildFile; fileRef = 3A215D2D1D8C518C00876F00 /* PhotoNote.swift */; };
		3A215D301D8C533D00876F00 /* AudioNote.swift in Sources */ = {isa = PBXBuildFile; fileRef = 3A215D2F1D8C533D00876F00 /* AudioNote.swift */; };
		3A215D321D8C542900876F00 /* CoreDataStack.swift in Sources */ = {isa = PBXBuildFile; fileRef = 3A215D311D8C542900876F00 /* CoreDataStack.swift */; };
		3A215D341D8D42BD00876F00 /* HelperExtensions.swift in Sources */ = {isa = PBXBuildFile; fileRef = 3A215D331D8D42BD00876F00 /* HelperExtensions.swift */; };
		3A215D361D8D4C7200876F00 /* ManagedObjectContextStack.swift in Sources */ = {isa = PBXBuildFile; fileRef = 3A215D351D8D4C7200876F00 /* ManagedObjectContextStack.swift */; };
		3A215D3A1D8EA98200876F00 /* ExposurePhotoVideoViewController.swift in Sources */ = {isa = PBXBuildFile; fileRef = 3A215D391D8EA98200876F00 /* ExposurePhotoVideoViewController.swift */; };
		3A215D3C1D8EABF100876F00 /* PhotoAudioVideo.swift in Sources */ = {isa = PBXBuildFile; fileRef = 3A215D3B1D8EABF100876F00 /* PhotoAudioVideo.swift */; };
		3A215D3E1D8EB0DF00876F00 /* CameraViewDelegate.swift in Sources */ = {isa = PBXBuildFile; fileRef = 3A215D3D1D8EB0DF00876F00 /* CameraViewDelegate.swift */; };
		3A215D411D9024F500876F00 /* ExposureViewController.swift in Sources */ = {isa = PBXBuildFile; fileRef = 3A215D401D9024F500876F00 /* ExposureViewController.swift */; };
		3A215D431D90256400876F00 /* Protocols.swift in Sources */ = {isa = PBXBuildFile; fileRef = 3A215D421D90256400876F00 /* Protocols.swift */; };
		3A215D451D90289D00876F00 /* ExposureAudioViewController.swift in Sources */ = {isa = PBXBuildFile; fileRef = 3A215D441D90289D00876F00 /* ExposureAudioViewController.swift */; };
		3A215D471D90306500876F00 /* Utilities.swift in Sources */ = {isa = PBXBuildFile; fileRef = 3A215D461D90306500876F00 /* Utilities.swift */; };
		3A215D491D9149A300876F00 /* PortraitNavigationController.swift in Sources */ = {isa = PBXBuildFile; fileRef = 3A215D481D9149A300876F00 /* PortraitNavigationController.swift */; };
		3A3B2A4A1DC3A38800357D00 /* Fabric.framework in Frameworks */ = {isa = PBXBuildFile; fileRef = 3A3B2A481DC3A38800357D00 /* Fabric.framework */; };
		3A3B2A4B1DC3A38800357D00 /* Answers.framework in Frameworks */ = {isa = PBXBuildFile; fileRef = 3A3B2A491DC3A38800357D00 /* Answers.framework */; };
		3A43EE2E1DCFABE7002EB25B /* Assets.xcassets in Resources */ = {isa = PBXBuildFile; fileRef = 3A43EE2D1DCFABE7002EB25B /* Assets.xcassets */; };
		3AC4472D1DCCB29000F69EC0 /* PhotoVideoCaptureTests.swift in Sources */ = {isa = PBXBuildFile; fileRef = 3AC4472C1DCCB29000F69EC0 /* PhotoVideoCaptureTests.swift */; };
		3AC8214A1D93F613003C484D /* MovieNote.swift in Sources */ = {isa = PBXBuildFile; fileRef = 3AC821491D93F612003C484D /* MovieNote.swift */; };
		3AC8214C1D9929CE003C484D /* FullScreenCameraViewController.swift in Sources */ = {isa = PBXBuildFile; fileRef = 3AC8214B1D9929CE003C484D /* FullScreenCameraViewController.swift */; };
		3AD345D91DCE12BF005AD849 /* CameraUtils.swift in Sources */ = {isa = PBXBuildFile; fileRef = 3AD345D81DCE12BF005AD849 /* CameraUtils.swift */; };
/* End PBXBuildFile section */

/* Begin PBXContainerItemProxy section */
		3AC4472F1DCCB29000F69EC0 /* PBXContainerItemProxy */ = {
			isa = PBXContainerItemProxy;
			containerPortal = 3A215D051D8C075600876F00 /* Project object */;
			proxyType = 1;
			remoteGlobalIDString = 3A215D0C1D8C075600876F00;
			remoteInfo = DarkSlide;
		};
/* End PBXContainerItemProxy section */

/* Begin PBXFileReference section */
		3A03B2811DB4C5C3007926DD /* PhotoVideoCapture.swift */ = {isa = PBXFileReference; fileEncoding = 4; lastKnownFileType = sourcecode.swift; path = PhotoVideoCapture.swift; sourceTree = "<group>"; };
		3A03B2831DB4CF37007926DD /* PreviewView.swift */ = {isa = PBXFileReference; fileEncoding = 4; lastKnownFileType = sourcecode.swift; path = PreviewView.swift; sourceTree = "<group>"; };
		3A03B2AB1DBA2B1F007926DD /* PhotoCaptureDelegate.swift */ = {isa = PBXFileReference; fileEncoding = 4; lastKnownFileType = sourcecode.swift; path = PhotoCaptureDelegate.swift; sourceTree = "<group>"; };
		3A215D0D1D8C075600876F00 /* DarkSlide.app */ = {isa = PBXFileReference; explicitFileType = wrapper.application; includeInIndex = 0; path = DarkSlide.app; sourceTree = BUILT_PRODUCTS_DIR; };
		3A215D101D8C075600876F00 /* AppDelegate.swift */ = {isa = PBXFileReference; lastKnownFileType = sourcecode.swift; path = AppDelegate.swift; sourceTree = "<group>"; };
		3A215D151D8C075600876F00 /* Base */ = {isa = PBXFileReference; lastKnownFileType = file.storyboard; name = Base; path = Base.lproj/Main.storyboard; sourceTree = "<group>"; };
		3A215D1A1D8C075600876F00 /* Base */ = {isa = PBXFileReference; lastKnownFileType = file.storyboard; name = Base; path = Base.lproj/LaunchScreen.storyboard; sourceTree = "<group>"; };
		3A215D1C1D8C075600876F00 /* Info.plist */ = {isa = PBXFileReference; lastKnownFileType = text.plist.xml; path = Info.plist; sourceTree = "<group>"; };
		3A215D231D8C3DA000876F00 /* DarkSlideModel.xcdatamodel */ = {isa = PBXFileReference; lastKnownFileType = wrapper.xcdatamodel; path = DarkSlideModel.xcdatamodel; sourceTree = "<group>"; };
		3A215D261D8C422A00876F00 /* SubjectForExposure.swift */ = {isa = PBXFileReference; fileEncoding = 4; lastKnownFileType = sourcecode.swift; path = SubjectForExposure.swift; sourceTree = "<group>"; };
		3A215D291D8C4D4D00876F00 /* ManagedObject.swift */ = {isa = PBXFileReference; fileEncoding = 4; lastKnownFileType = sourcecode.swift; path = ManagedObject.swift; sourceTree = "<group>"; };
		3A215D2B1D8C512800876F00 /* DarkSlide.swift */ = {isa = PBXFileReference; fileEncoding = 4; lastKnownFileType = sourcecode.swift; path = DarkSlide.swift; sourceTree = "<group>"; };
		3A215D2D1D8C518C00876F00 /* PhotoNote.swift */ = {isa = PBXFileReference; fileEncoding = 4; lastKnownFileType = sourcecode.swift; path = PhotoNote.swift; sourceTree = "<group>"; };
		3A215D2F1D8C533D00876F00 /* AudioNote.swift */ = {isa = PBXFileReference; fileEncoding = 4; lastKnownFileType = sourcecode.swift; path = AudioNote.swift; sourceTree = "<group>"; };
		3A215D311D8C542900876F00 /* CoreDataStack.swift */ = {isa = PBXFileReference; fileEncoding = 4; lastKnownFileType = sourcecode.swift; path = CoreDataStack.swift; sourceTree = "<group>"; };
		3A215D331D8D42BD00876F00 /* HelperExtensions.swift */ = {isa = PBXFileReference; fileEncoding = 4; lastKnownFileType = sourcecode.swift; path = HelperExtensions.swift; sourceTree = "<group>"; };
		3A215D351D8D4C7200876F00 /* ManagedObjectContextStack.swift */ = {isa = PBXFileReference; fileEncoding = 4; lastKnownFileType = sourcecode.swift; path = ManagedObjectContextStack.swift; sourceTree = "<group>"; };
		3A215D391D8EA98200876F00 /* ExposurePhotoVideoViewController.swift */ = {isa = PBXFileReference; fileEncoding = 4; lastKnownFileType = sourcecode.swift; path = ExposurePhotoVideoViewController.swift; sourceTree = "<group>"; };
		3A215D3B1D8EABF100876F00 /* PhotoAudioVideo.swift */ = {isa = PBXFileReference; fileEncoding = 4; lastKnownFileType = sourcecode.swift; path = PhotoAudioVideo.swift; sourceTree = "<group>"; };
		3A215D3D1D8EB0DF00876F00 /* CameraViewDelegate.swift */ = {isa = PBXFileReference; fileEncoding = 4; lastKnownFileType = sourcecode.swift; path = CameraViewDelegate.swift; sourceTree = "<group>"; };
		3A215D401D9024F500876F00 /* ExposureViewController.swift */ = {isa = PBXFileReference; fileEncoding = 4; lastKnownFileType = sourcecode.swift; path = ExposureViewController.swift; sourceTree = "<group>"; };
		3A215D421D90256400876F00 /* Protocols.swift */ = {isa = PBXFileReference; fileEncoding = 4; lastKnownFileType = sourcecode.swift; path = Protocols.swift; sourceTree = "<group>"; };
		3A215D441D90289D00876F00 /* ExposureAudioViewController.swift */ = {isa = PBXFileReference; fileEncoding = 4; lastKnownFileType = sourcecode.swift; path = ExposureAudioViewController.swift; sourceTree = "<group>"; };
		3A215D461D90306500876F00 /* Utilities.swift */ = {isa = PBXFileReference; fileEncoding = 4; lastKnownFileType = sourcecode.swift; name = Utilities.swift; path = ../Utilities.swift; sourceTree = "<group>"; };
		3A215D481D9149A300876F00 /* PortraitNavigationController.swift */ = {isa = PBXFileReference; fileEncoding = 4; lastKnownFileType = sourcecode.swift; path = PortraitNavigationController.swift; sourceTree = "<group>"; };
		3A3B2A481DC3A38800357D00 /* Fabric.framework */ = {isa = PBXFileReference; lastKnownFileType = wrapper.framework; path = Fabric.framework; sourceTree = "<group>"; };
		3A3B2A491DC3A38800357D00 /* Answers.framework */ = {isa = PBXFileReference; lastKnownFileType = wrapper.framework; path = Answers.framework; sourceTree = "<group>"; };
		3A43EE2D1DCFABE7002EB25B /* Assets.xcassets */ = {isa = PBXFileReference; lastKnownFileType = folder.assetcatalog; path = Assets.xcassets; sourceTree = "<group>"; };
		3AC4472A1DCCB29000F69EC0 /* DarkSlideTests.xctest */ = {isa = PBXFileReference; explicitFileType = wrapper.cfbundle; includeInIndex = 0; path = DarkSlideTests.xctest; sourceTree = BUILT_PRODUCTS_DIR; };
		3AC4472C1DCCB29000F69EC0 /* PhotoVideoCaptureTests.swift */ = {isa = PBXFileReference; lastKnownFileType = sourcecode.swift; path = PhotoVideoCaptureTests.swift; sourceTree = "<group>"; };
		3AC4472E1DCCB29000F69EC0 /* Info.plist */ = {isa = PBXFileReference; lastKnownFileType = text.plist.xml; path = Info.plist; sourceTree = "<group>"; };
		3AC821491D93F612003C484D /* MovieNote.swift */ = {isa = PBXFileReference; fileEncoding = 4; lastKnownFileType = sourcecode.swift; path = MovieNote.swift; sourceTree = "<group>"; };
		3AC8214B1D9929CE003C484D /* FullScreenCameraViewController.swift */ = {isa = PBXFileReference; fileEncoding = 4; lastKnownFileType = sourcecode.swift; path = FullScreenCameraViewController.swift; sourceTree = "<group>"; };
		3AD345D81DCE12BF005AD849 /* CameraUtils.swift */ = {isa = PBXFileReference; fileEncoding = 4; lastKnownFileType = sourcecode.swift; path = CameraUtils.swift; sourceTree = "<group>"; };
/* End PBXFileReference section */

/* Begin PBXFrameworksBuildPhase section */
		3A215D0A1D8C075600876F00 /* Frameworks */ = {
			isa = PBXFrameworksBuildPhase;
			buildActionMask = 2147483647;
			files = (
				3A3B2A4B1DC3A38800357D00 /* Answers.framework in Frameworks */,
				3A3B2A4A1DC3A38800357D00 /* Fabric.framework in Frameworks */,
			);
			runOnlyForDeploymentPostprocessing = 0;
		};
		3AC447271DCCB29000F69EC0 /* Frameworks */ = {
			isa = PBXFrameworksBuildPhase;
			buildActionMask = 2147483647;
			files = (
			);
			runOnlyForDeploymentPostprocessing = 0;
		};
/* End PBXFrameworksBuildPhase section */

/* Begin PBXGroup section */
		3A03B2801DAE8312007926DD /* PhotoVideoCapture */ = {
			isa = PBXGroup;
			children = (
				3A215D3B1D8EABF100876F00 /* PhotoAudioVideo.swift */,
				3A03B2811DB4C5C3007926DD /* PhotoVideoCapture.swift */,
				3A03B2AB1DBA2B1F007926DD /* PhotoCaptureDelegate.swift */,
				3A215D3D1D8EB0DF00876F00 /* CameraViewDelegate.swift */,
				3AD345D81DCE12BF005AD849 /* CameraUtils.swift */,
			);
			name = PhotoVideoCapture;
			sourceTree = "<group>";
		};
		3A215D041D8C075600876F00 = {
			isa = PBXGroup;
			children = (
				3A215D0F1D8C075600876F00 /* DarkSlide */,
				3AC4472B1DCCB29000F69EC0 /* DarkSlideTests */,
				3A215D0E1D8C075600876F00 /* Products */,
				3A3B2A481DC3A38800357D00 /* Fabric.framework */,
				3A3B2A491DC3A38800357D00 /* Answers.framework */,
			);
			sourceTree = "<group>";
		};
		3A215D0E1D8C075600876F00 /* Products */ = {
			isa = PBXGroup;
			children = (
				3A215D0D1D8C075600876F00 /* DarkSlide.app */,
				3AC4472A1DCCB29000F69EC0 /* DarkSlideTests.xctest */,
			);
			name = Products;
			sourceTree = "<group>";
		};
		3A215D0F1D8C075600876F00 /* DarkSlide */ = {
			isa = PBXGroup;
			children = (
				3A215D461D90306500876F00 /* Utilities.swift */,
				3A215D421D90256400876F00 /* Protocols.swift */,
				3A215D381D8EA64500876F00 /* Views */,
				3A03B2801DAE8312007926DD /* PhotoVideoCapture */,
				3A215D371D8EA62E00876F00 /* View Controllers */,
				3A215D251D8C410500876F00 /* CoreDataModel */,
				3A215D101D8C075600876F00 /* AppDelegate.swift */,
				3A43EE2D1DCFABE7002EB25B /* Assets.xcassets */,
				3A215D141D8C075600876F00 /* Main.storyboard */,
				3A215D191D8C075600876F00 /* LaunchScreen.storyboard */,
				3A215D1C1D8C075600876F00 /* Info.plist */,
			);
			path = DarkSlide;
			sourceTree = "<group>";
		};
		3A215D251D8C410500876F00 /* CoreDataModel */ = {
			isa = PBXGroup;
			children = (
				3A215D3F1D90206500876F00 /* Entities */,
				3A215D281D8C4D3600876F00 /* CoreDataHelpers */,
				3A215D221D8C3DA000876F00 /* DarkSlideModel.xcdatamodeld */,
				3A215D311D8C542900876F00 /* CoreDataStack.swift */,
				3A215D351D8D4C7200876F00 /* ManagedObjectContextStack.swift */,
			);
			name = CoreDataModel;
			sourceTree = "<group>";
		};
		3A215D281D8C4D3600876F00 /* CoreDataHelpers */ = {
			isa = PBXGroup;
			children = (
				3A215D291D8C4D4D00876F00 /* ManagedObject.swift */,
				3A215D331D8D42BD00876F00 /* HelperExtensions.swift */,
			);
			name = CoreDataHelpers;
			sourceTree = "<group>";
		};
		3A215D371D8EA62E00876F00 /* View Controllers */ = {
			isa = PBXGroup;
			children = (
				3A215D391D8EA98200876F00 /* ExposurePhotoVideoViewController.swift */,
				3AC8214B1D9929CE003C484D /* FullScreenCameraViewController.swift */,
				3A215D401D9024F500876F00 /* ExposureViewController.swift */,
				3A215D441D90289D00876F00 /* ExposureAudioViewController.swift */,
				3A215D481D9149A300876F00 /* PortraitNavigationController.swift */,
			);
			name = "View Controllers";
			sourceTree = "<group>";
		};
		3A215D381D8EA64500876F00 /* Views */ = {
			isa = PBXGroup;
			children = (
				3A03B2831DB4CF37007926DD /* PreviewView.swift */,
			);
			name = Views;
			sourceTree = "<group>";
		};
		3A215D3F1D90206500876F00 /* Entities */ = {
			isa = PBXGroup;
			children = (
				3A215D2B1D8C512800876F00 /* DarkSlide.swift */,
				3A215D2D1D8C518C00876F00 /* PhotoNote.swift */,
				3A215D261D8C422A00876F00 /* SubjectForExposure.swift */,
				3A215D2F1D8C533D00876F00 /* AudioNote.swift */,
				3AC821491D93F612003C484D /* MovieNote.swift */,
			);
			name = Entities;
			sourceTree = "<group>";
		};
		3AC4472B1DCCB29000F69EC0 /* DarkSlideTests */ = {
			isa = PBXGroup;
			children = (
				3AC4472C1DCCB29000F69EC0 /* PhotoVideoCaptureTests.swift */,
				3AC4472E1DCCB29000F69EC0 /* Info.plist */,
			);
			path = DarkSlideTests;
			sourceTree = "<group>";
		};
/* End PBXGroup section */

/* Begin PBXNativeTarget section */
		3A215D0C1D8C075600876F00 /* DarkSlide */ = {
			isa = PBXNativeTarget;
			buildConfigurationList = 3A215D1F1D8C075600876F00 /* Build configuration list for PBXNativeTarget "DarkSlide" */;
			buildPhases = (
				3A215D091D8C075600876F00 /* Sources */,
				3A215D0A1D8C075600876F00 /* Frameworks */,
				3A215D0B1D8C075600876F00 /* Resources */,
				3A3B2A471DC3A2F900357D00 /* ShellScript */,
			);
			buildRules = (
			);
			dependencies = (
			);
			name = DarkSlide;
			productName = DarkSlide;
			productReference = 3A215D0D1D8C075600876F00 /* DarkSlide.app */;
			productType = "com.apple.product-type.application";
		};
		3AC447291DCCB29000F69EC0 /* DarkSlideTests */ = {
			isa = PBXNativeTarget;
			buildConfigurationList = 3AC447331DCCB29000F69EC0 /* Build configuration list for PBXNativeTarget "DarkSlideTests" */;
			buildPhases = (
				3AC447261DCCB29000F69EC0 /* Sources */,
				3AC447271DCCB29000F69EC0 /* Frameworks */,
				3AC447281DCCB29000F69EC0 /* Resources */,
			);
			buildRules = (
			);
			dependencies = (
				3AC447301DCCB29000F69EC0 /* PBXTargetDependency */,
			);
			name = DarkSlideTests;
			productName = DarkSlideTests;
			productReference = 3AC4472A1DCCB29000F69EC0 /* DarkSlideTests.xctest */;
			productType = "com.apple.product-type.bundle.unit-test";
		};
/* End PBXNativeTarget section */

/* Begin PBXProject section */
		3A215D051D8C075600876F00 /* Project object */ = {
			isa = PBXProject;
			attributes = {
				LastSwiftUpdateCheck = 0810;
				LastUpgradeCheck = 0800;
				ORGANIZATIONNAME = "Calum Harris";
				TargetAttributes = {
					3A215D0C1D8C075600876F00 = {
						CreatedOnToolsVersion = 8.0;
						DevelopmentTeam = B3H446T9U7;
						ProvisioningStyle = Automatic;
					};
					3AC447291DCCB29000F69EC0 = {
						CreatedOnToolsVersion = 8.1;
						DevelopmentTeam = B3H446T9U7;
						ProvisioningStyle = Manual;
						TestTargetID = 3A215D0C1D8C075600876F00;
					};
				};
			};
			buildConfigurationList = 3A215D081D8C075600876F00 /* Build configuration list for PBXProject "DarkSlide" */;
			compatibilityVersion = "Xcode 3.2";
			developmentRegion = English;
			hasScannedForEncodings = 0;
			knownRegions = (
				en,
				Base,
			);
			mainGroup = 3A215D041D8C075600876F00;
			productRefGroup = 3A215D0E1D8C075600876F00 /* Products */;
			projectDirPath = "";
			projectRoot = "";
			targets = (
				3A215D0C1D8C075600876F00 /* DarkSlide */,
				3AC447291DCCB29000F69EC0 /* DarkSlideTests */,
			);
		};
/* End PBXProject section */

/* Begin PBXResourcesBuildPhase section */
		3A215D0B1D8C075600876F00 /* Resources */ = {
			isa = PBXResourcesBuildPhase;
			buildActionMask = 2147483647;
			files = (
				3A215D1B1D8C075600876F00 /* LaunchScreen.storyboard in Resources */,
				3A43EE2E1DCFABE7002EB25B /* Assets.xcassets in Resources */,
				3A215D161D8C075600876F00 /* Main.storyboard in Resources */,
			);
			runOnlyForDeploymentPostprocessing = 0;
		};
		3AC447281DCCB29000F69EC0 /* Resources */ = {
			isa = PBXResourcesBuildPhase;
			buildActionMask = 2147483647;
			files = (
			);
			runOnlyForDeploymentPostprocessing = 0;
		};
/* End PBXResourcesBuildPhase section */

/* Begin PBXShellScriptBuildPhase section */
		3A3B2A471DC3A2F900357D00 /* ShellScript */ = {
			isa = PBXShellScriptBuildPhase;
			buildActionMask = 2147483647;
			files = (
			);
			inputPaths = (
			);
			outputPaths = (
			);
			runOnlyForDeploymentPostprocessing = 0;
			shellPath = /bin/sh;
			shellScript = "./Fabric.framework/run 428e2f51a1d864cb392ee7c8b303c424ad57502a 421d6ac5fe5b07e45c6ce63cc3e71a4e441161efe812c777b3aeb1d97e174baa";
		};
/* End PBXShellScriptBuildPhase section */

/* Begin PBXSourcesBuildPhase section */
		3A215D091D8C075600876F00 /* Sources */ = {
			isa = PBXSourcesBuildPhase;
			buildActionMask = 2147483647;
			files = (
				3A215D431D90256400876F00 /* Protocols.swift in Sources */,
				3A215D2C1D8C512800876F00 /* DarkSlide.swift in Sources */,
				3A215D3E1D8EB0DF00876F00 /* CameraViewDelegate.swift in Sources */,
				3A03B2841DB4CF37007926DD /* PreviewView.swift in Sources */,
				3A03B2AC1DBA2B1F007926DD /* PhotoCaptureDelegate.swift in Sources */,
				3A215D341D8D42BD00876F00 /* HelperExtensions.swift in Sources */,
				3A215D111D8C075600876F00 /* AppDelegate.swift in Sources */,
				3A215D2E1D8C518C00876F00 /* PhotoNote.swift in Sources */,
				3A215D271D8C422A00876F00 /* SubjectForExposure.swift in Sources */,
				3A03B2821DB4C5C3007926DD /* PhotoVideoCapture.swift in Sources */,
				3A215D361D8D4C7200876F00 /* ManagedObjectContextStack.swift in Sources */,
				3A215D451D90289D00876F00 /* ExposureAudioViewController.swift in Sources */,
				3A215D2A1D8C4D4D00876F00 /* ManagedObject.swift in Sources */,
				3A215D471D90306500876F00 /* Utilities.swift in Sources */,
				3AD345D91DCE12BF005AD849 /* CameraUtils.swift in Sources */,
				3A215D3C1D8EABF100876F00 /* PhotoAudioVideo.swift in Sources */,
				3A215D3A1D8EA98200876F00 /* ExposurePhotoVideoViewController.swift in Sources */,
				3A215D241D8C3DA000876F00 /* DarkSlideModel.xcdatamodeld in Sources */,
				3AC8214C1D9929CE003C484D /* FullScreenCameraViewController.swift in Sources */,
				3A215D411D9024F500876F00 /* ExposureViewController.swift in Sources */,
				3A215D301D8C533D00876F00 /* AudioNote.swift in Sources */,
				3A215D491D9149A300876F00 /* PortraitNavigationController.swift in Sources */,
				3AC8214A1D93F613003C484D /* MovieNote.swift in Sources */,
				3A215D321D8C542900876F00 /* CoreDataStack.swift in Sources */,
			);
			runOnlyForDeploymentPostprocessing = 0;
		};
		3AC447261DCCB29000F69EC0 /* Sources */ = {
			isa = PBXSourcesBuildPhase;
			buildActionMask = 2147483647;
			files = (
				3AC4472D1DCCB29000F69EC0 /* PhotoVideoCaptureTests.swift in Sources */,
			);
			runOnlyForDeploymentPostprocessing = 0;
		};
/* End PBXSourcesBuildPhase section */

/* Begin PBXTargetDependency section */
		3AC447301DCCB29000F69EC0 /* PBXTargetDependency */ = {
			isa = PBXTargetDependency;
			target = 3A215D0C1D8C075600876F00 /* DarkSlide */;
			targetProxy = 3AC4472F1DCCB29000F69EC0 /* PBXContainerItemProxy */;
		};
/* End PBXTargetDependency section */

/* Begin PBXVariantGroup section */
		3A215D141D8C075600876F00 /* Main.storyboard */ = {
			isa = PBXVariantGroup;
			children = (
				3A215D151D8C075600876F00 /* Base */,
			);
			name = Main.storyboard;
			sourceTree = "<group>";
		};
		3A215D191D8C075600876F00 /* LaunchScreen.storyboard */ = {
			isa = PBXVariantGroup;
			children = (
				3A215D1A1D8C075600876F00 /* Base */,
			);
			name = LaunchScreen.storyboard;
			sourceTree = "<group>";
		};
/* End PBXVariantGroup section */

/* Begin XCBuildConfiguration section */
		3A215D1D1D8C075600876F00 /* Debug */ = {
			isa = XCBuildConfiguration;
			buildSettings = {
				ALWAYS_SEARCH_USER_PATHS = NO;
				CLANG_ANALYZER_NONNULL = YES;
				CLANG_CXX_LANGUAGE_STANDARD = "gnu++0x";
				CLANG_CXX_LIBRARY = "libc++";
				CLANG_ENABLE_MODULES = YES;
				CLANG_ENABLE_OBJC_ARC = YES;
				CLANG_WARN_BOOL_CONVERSION = YES;
				CLANG_WARN_CONSTANT_CONVERSION = YES;
				CLANG_WARN_DIRECT_OBJC_ISA_USAGE = YES_ERROR;
				CLANG_WARN_DOCUMENTATION_COMMENTS = YES;
				CLANG_WARN_EMPTY_BODY = YES;
				CLANG_WARN_ENUM_CONVERSION = YES;
				CLANG_WARN_INFINITE_RECURSION = YES;
				CLANG_WARN_INT_CONVERSION = YES;
				CLANG_WARN_OBJC_ROOT_CLASS = YES_ERROR;
				CLANG_WARN_SUSPICIOUS_MOVES = YES;
				CLANG_WARN_UNREACHABLE_CODE = YES;
				CLANG_WARN__DUPLICATE_METHOD_MATCH = YES;
				"CODE_SIGN_IDENTITY[sdk=iphoneos*]" = "iPhone Developer";
				COPY_PHASE_STRIP = NO;
				DEBUG_INFORMATION_FORMAT = dwarf;
				ENABLE_STRICT_OBJC_MSGSEND = YES;
				ENABLE_TESTABILITY = YES;
				GCC_C_LANGUAGE_STANDARD = gnu99;
				GCC_DYNAMIC_NO_PIC = NO;
				GCC_NO_COMMON_BLOCKS = YES;
				GCC_OPTIMIZATION_LEVEL = 0;
				GCC_PREPROCESSOR_DEFINITIONS = (
					"DEBUG=1",
					"$(inherited)",
				);
				GCC_WARN_64_TO_32_BIT_CONVERSION = YES;
				GCC_WARN_ABOUT_RETURN_TYPE = YES_ERROR;
				GCC_WARN_UNDECLARED_SELECTOR = YES;
				GCC_WARN_UNINITIALIZED_AUTOS = YES_AGGRESSIVE;
				GCC_WARN_UNUSED_FUNCTION = YES;
				GCC_WARN_UNUSED_VARIABLE = YES;
				IPHONEOS_DEPLOYMENT_TARGET = 10.0;
				MTL_ENABLE_DEBUG_INFO = YES;
				ONLY_ACTIVE_ARCH = YES;
				SDKROOT = iphoneos;
				SWIFT_ACTIVE_COMPILATION_CONDITIONS = DEBUG;
				SWIFT_OPTIMIZATION_LEVEL = "-Onone";
				TARGETED_DEVICE_FAMILY = "1,2";
			};
			name = Debug;
		};
		3A215D1E1D8C075600876F00 /* Release */ = {
			isa = XCBuildConfiguration;
			buildSettings = {
				ALWAYS_SEARCH_USER_PATHS = NO;
				CLANG_ANALYZER_NONNULL = YES;
				CLANG_CXX_LANGUAGE_STANDARD = "gnu++0x";
				CLANG_CXX_LIBRARY = "libc++";
				CLANG_ENABLE_MODULES = YES;
				CLANG_ENABLE_OBJC_ARC = YES;
				CLANG_WARN_BOOL_CONVERSION = YES;
				CLANG_WARN_CONSTANT_CONVERSION = YES;
				CLANG_WARN_DIRECT_OBJC_ISA_USAGE = YES_ERROR;
				CLANG_WARN_DOCUMENTATION_COMMENTS = YES;
				CLANG_WARN_EMPTY_BODY = YES;
				CLANG_WARN_ENUM_CONVERSION = YES;
				CLANG_WARN_INFINITE_RECURSION = YES;
				CLANG_WARN_INT_CONVERSION = YES;
				CLANG_WARN_OBJC_ROOT_CLASS = YES_ERROR;
				CLANG_WARN_SUSPICIOUS_MOVES = YES;
				CLANG_WARN_UNREACHABLE_CODE = YES;
				CLANG_WARN__DUPLICATE_METHOD_MATCH = YES;
				"CODE_SIGN_IDENTITY[sdk=iphoneos*]" = "iPhone Developer";
				COPY_PHASE_STRIP = NO;
				DEBUG_INFORMATION_FORMAT = "dwarf-with-dsym";
				ENABLE_NS_ASSERTIONS = NO;
				ENABLE_STRICT_OBJC_MSGSEND = YES;
				GCC_C_LANGUAGE_STANDARD = gnu99;
				GCC_NO_COMMON_BLOCKS = YES;
				GCC_WARN_64_TO_32_BIT_CONVERSION = YES;
				GCC_WARN_ABOUT_RETURN_TYPE = YES_ERROR;
				GCC_WARN_UNDECLARED_SELECTOR = YES;
				GCC_WARN_UNINITIALIZED_AUTOS = YES_AGGRESSIVE;
				GCC_WARN_UNUSED_FUNCTION = YES;
				GCC_WARN_UNUSED_VARIABLE = YES;
				IPHONEOS_DEPLOYMENT_TARGET = 10.0;
				MTL_ENABLE_DEBUG_INFO = NO;
				SDKROOT = iphoneos;
				SWIFT_OPTIMIZATION_LEVEL = "-Owholemodule";
				TARGETED_DEVICE_FAMILY = "1,2";
				VALIDATE_PRODUCT = YES;
			};
			name = Release;
		};
		3A215D201D8C075600876F00 /* Debug */ = {
			isa = XCBuildConfiguration;
			buildSettings = {
				ASSETCATALOG_COMPILER_APPICON_NAME = AppIcon;
				DEVELOPMENT_TEAM = B3H446T9U7;
				FRAMEWORK_SEARCH_PATHS = (
					"$(inherited)",
					"$(PROJECT_DIR)",
				);
				INFOPLIST_FILE = DarkSlide/Info.plist;
				LD_RUNPATH_SEARCH_PATHS = "$(inherited) @executable_path/Frameworks";
				PRODUCT_BUNDLE_IDENTIFIER = com.RenaldoMoon.DarkSlide;
				PRODUCT_NAME = "$(TARGET_NAME)";
				SWIFT_VERSION = 3.0;
				TARGETED_DEVICE_FAMILY = "1,2";
			};
			name = Debug;
		};
		3A215D211D8C075600876F00 /* Release */ = {
			isa = XCBuildConfiguration;
			buildSettings = {
				ASSETCATALOG_COMPILER_APPICON_NAME = AppIcon;
				DEVELOPMENT_TEAM = B3H446T9U7;
				FRAMEWORK_SEARCH_PATHS = (
					"$(inherited)",
					"$(PROJECT_DIR)",
				);
				INFOPLIST_FILE = DarkSlide/Info.plist;
				LD_RUNPATH_SEARCH_PATHS = "$(inherited) @executable_path/Frameworks";
				PRODUCT_BUNDLE_IDENTIFIER = com.RenaldoMoon.DarkSlide;
				PRODUCT_NAME = "$(TARGET_NAME)";
				SWIFT_VERSION = 3.0;
				TARGETED_DEVICE_FAMILY = "1,2";
			};
			name = Release;
		};
		3AC447311DCCB29000F69EC0 /* Debug */ = {
			isa = XCBuildConfiguration;
			buildSettings = {
				BUNDLE_LOADER = "$(TEST_HOST)";
				DEVELOPMENT_TEAM = B3H446T9U7;
				INFOPLIST_FILE = DarkSlideTests/Info.plist;
				IPHONEOS_DEPLOYMENT_TARGET = 10.1;
				LD_RUNPATH_SEARCH_PATHS = "$(inherited) @executable_path/Frameworks @loader_path/Frameworks";
				PRODUCT_BUNDLE_IDENTIFIER = com.RenaldoMoon.DarkSlideTests;
				PRODUCT_NAME = "$(TARGET_NAME)";
				SWIFT_VERSION = 3.0;
				TEST_HOST = "$(BUILT_PRODUCTS_DIR)/DarkSlide.app/DarkSlide";
			};
			name = Debug;
		};
		3AC447321DCCB29000F69EC0 /* Release */ = {
			isa = XCBuildConfiguration;
			buildSettings = {
				BUNDLE_LOADER = "$(TEST_HOST)";
				DEVELOPMENT_TEAM = B3H446T9U7;
				INFOPLIST_FILE = DarkSlideTests/Info.plist;
				IPHONEOS_DEPLOYMENT_TARGET = 10.1;
				LD_RUNPATH_SEARCH_PATHS = "$(inherited) @executable_path/Frameworks @loader_path/Frameworks";
				PRODUCT_BUNDLE_IDENTIFIER = com.RenaldoMoon.DarkSlideTests;
				PRODUCT_NAME = "$(TARGET_NAME)";
				SWIFT_VERSION = 3.0;
				TEST_HOST = "$(BUILT_PRODUCTS_DIR)/DarkSlide.app/DarkSlide";
			};
			name = Release;
		};
/* End XCBuildConfiguration section */

/* Begin XCConfigurationList section */
		3A215D081D8C075600876F00 /* Build configuration list for PBXProject "DarkSlide" */ = {
			isa = XCConfigurationList;
			buildConfigurations = (
				3A215D1D1D8C075600876F00 /* Debug */,
				3A215D1E1D8C075600876F00 /* Release */,
			);
			defaultConfigurationIsVisible = 0;
			defaultConfigurationName = Release;
		};
		3A215D1F1D8C075600876F00 /* Build configuration list for PBXNativeTarget "DarkSlide" */ = {
			isa = XCConfigurationList;
			buildConfigurations = (
				3A215D201D8C075600876F00 /* Debug */,
				3A215D211D8C075600876F00 /* Release */,
			);
			defaultConfigurationIsVisible = 0;
			defaultConfigurationName = Release;
		};
		3AC447331DCCB29000F69EC0 /* Build configuration list for PBXNativeTarget "DarkSlideTests" */ = {
			isa = XCConfigurationList;
			buildConfigurations = (
				3AC447311DCCB29000F69EC0 /* Debug */,
				3AC447321DCCB29000F69EC0 /* Release */,
			);
			defaultConfigurationIsVisible = 0;
			defaultConfigurationName = Release;
		};
/* End XCConfigurationList section */

/* Begin XCVersionGroup section */
		3A215D221D8C3DA000876F00 /* DarkSlideModel.xcdatamodeld */ = {
			isa = XCVersionGroup;
			children = (
				3A215D231D8C3DA000876F00 /* DarkSlideModel.xcdatamodel */,
			);
			currentVersion = 3A215D231D8C3DA000876F00 /* DarkSlideModel.xcdatamodel */;
			path = DarkSlideModel.xcdatamodeld;
			sourceTree = "<group>";
			versionGroupType = wrapper.xcdatamodel;
		};
/* End XCVersionGroup section */
	};
	rootObject = 3A215D051D8C075600876F00 /* Project object */;
}
